
Microsoft Visual Studio Solution File, Format Version 12.00
# Visual Studio Version 17
VisualStudioVersion = 17.0.31903.59
MinimumVisualStudioVersion = 10.0.40219.1
Project("{2150E333-8FDC-42A3-9474-1A3956D46DE8}") = "src", "src", "{827E0CD3-B72D-47B6-A68D-7590B98EB39B}"
EndProject
Project("{2150E333-8FDC-42A3-9474-1A3956D46DE8}") = "Services", "Services", "{984BB9B3-3FA3-BE33-9484-CAC21695A33C}"
EndProject
Project("{2150E333-8FDC-42A3-9474-1A3956D46DE8}") = "JobPosting", "JobPosting", "{6E8A638F-044B-77C9-F548-2381A77BFDCE}"
EndProject
Project("{FAE04EC0-301F-11D3-BF4B-00C04F79EFBC}") = "JobPosting.API", "src\Services\JobPosting\JobPosting.API\JobPosting.API.csproj", "{055AB4A2-0866-4FD1-9DB3-9BC5B5A3E9A3}"
EndProject
Project("{2150E333-8FDC-42A3-9474-1A3956D46DE8}") = "BuildingBlocks", "BuildingBlocks", "{90298CBA-BD6F-3A0A-69D5-97CAD7B05E7E}"
EndProject
Project("{FAE04EC0-301F-11D3-BF4B-00C04F79EFBC}") = "EventBus.Messages", "src\BuildingBlocks\EventBus.Messages\EventBus.Messages.csproj", "{E713B720-2776-4BFE-BD8C-1A5E284D3019}"
EndProject
Project("{2150E333-8FDC-42A3-9474-1A3956D46DE8}") = "JobSearch", "JobSearch", "{6ADF40C8-84AC-8C5B-03F9-593372AFF6DC}"
EndProject
Project("{FAE04EC0-301F-11D3-BF4B-00C04F79EFBC}") = "JobSearch.API", "src\Services\JobSearch\JobSearch.API\JobSearch.API.csproj", "{E050047C-0D89-412A-A6AC-26B5401B32EB}"
EndProject
Project("{2150E333-8FDC-42A3-9474-1A3956D46DE8}") = "Notification", "Notification", "{C5FBE174-8E0F-F5A3-B929-8BD0C55C0A32}"
EndProject
Project("{FAE04EC0-301F-11D3-BF4B-00C04F79EFBC}") = "Notification.Worker", "src\Services\Notification\Notification.Worker\Notification.Worker.csproj", "{46D087FF-589A-49D7-9B7C-65E8EA721971}"
EndProject
Project("{2150E333-8FDC-42A3-9474-1A3956D46DE8}") = "ApiGateway", "ApiGateway", "{FCA01246-F2C6-0AA7-D43F-FD13BE0B9D88}"
EndProject
Project("{FAE04EC0-301F-11D3-BF4B-00C04F79EFBC}") = "OcelotApiGw", "src\ApiGateway\OcelotApiGw\OcelotApiGw.csproj", "{107A7D1B-BAA6-4AB8-ADA1-0B46AE290DBD}"
EndProject
Project("{2150E333-8FDC-42A3-9474-1A3956D46DE8}") = "AIAgent", "AIAgent", "{13F4A5BF-B4DA-DA4D-87FE-255A0F687E46}"
EndProject
Project("{FAE04EC0-301F-11D3-BF4B-00C04F79EFBC}") = "AIAgent.API", "src\Services\AIAgent\AIAgent.API\AIAgent.API.csproj", "{492DCABA-A7F6-4793-98C4-5792A6C6BDA4}"
EndProject
Project("{2150E333-8FDC-42A3-9474-1A3956D46DE8}") = "tests", "tests", "{0AB3BF05-4346-4AA6-1389-037BE0695223}"
EndProject
Project("{FAE04EC0-301F-11D3-BF4B-00C04F79EFBC}") = "JobPosting.API.Tests", "tests\JobPosting.API.Tests\JobPosting.API.Tests.csproj", "{ABEE97D4-855C-4D25-973C-1755E764F1EB}"
EndProject
Project("{FAE04EC0-301F-11D3-BF4B-00C04F79EFBC}") = "JobSearch.API.Tests", "tests\JobSearch.API.Tests\JobSearch.API.Tests.csproj", "{88B570BB-6D6C-4266-A396-835390EEF8FE}"
EndProject
Project("{FAE04EC0-301F-11D3-BF4B-00C04F79EFBC}") = "AIAgent.API.Tests", "tests\AIAgent.API.Tests\AIAgent.API.Tests.csproj", "{03BA7CE0-A36E-4C40-B0F9-31C93AB68137}"
EndProject
Global
	GlobalSection(SolutionConfigurationPlatforms) = preSolution
		Debug|Any CPU = Debug|Any CPU
		Debug|x64 = Debug|x64
		Debug|x86 = Debug|x86
		Release|Any CPU = Release|Any CPU
		Release|x64 = Release|x64
		Release|x86 = Release|x86
	EndGlobalSection
	GlobalSection(ProjectConfigurationPlatforms) = postSolution
		{055AB4A2-0866-4FD1-9DB3-9BC5B5A3E9A3}.Debug|Any CPU.ActiveCfg = Debug|Any CPU
		{055AB4A2-0866-4FD1-9DB3-9BC5B5A3E9A3}.Debug|Any CPU.Build.0 = Debug|Any CPU
		{055AB4A2-0866-4FD1-9DB3-9BC5B5A3E9A3}.Debug|x64.ActiveCfg = Debug|Any CPU
		{055AB4A2-0866-4FD1-9DB3-9BC5B5A3E9A3}.Debug|x64.Build.0 = Debug|Any CPU
		{055AB4A2-0866-4FD1-9DB3-9BC5B5A3E9A3}.Debug|x86.ActiveCfg = Debug|Any CPU
		{055AB4A2-0866-4FD1-9DB3-9BC5B5A3E9A3}.Debug|x86.Build.0 = Debug|Any CPU
		{055AB4A2-0866-4FD1-9DB3-9BC5B5A3E9A3}.Release|Any CPU.ActiveCfg = Release|Any CPU
		{055AB4A2-0866-4FD1-9DB3-9BC5B5A3E9A3}.Release|Any CPU.Build.0 = Release|Any CPU
		{055AB4A2-0866-4FD1-9DB3-9BC5B5A3E9A3}.Release|x64.ActiveCfg = Release|Any CPU
		{055AB4A2-0866-4FD1-9DB3-9BC5B5A3E9A3}.Release|x64.Build.0 = Release|Any CPU
		{055AB4A2-0866-4FD1-9DB3-9BC5B5A3E9A3}.Release|x86.ActiveCfg = Release|Any CPU
		{055AB4A2-0866-4FD1-9DB3-9BC5B5A3E9A3}.Release|x86.Build.0 = Release|Any CPU
		{E713B720-2776-4BFE-BD8C-1A5E284D3019}.Debug|Any CPU.ActiveCfg = Debug|Any CPU
		{E713B720-2776-4BFE-BD8C-1A5E284D3019}.Debug|Any CPU.Build.0 = Debug|Any CPU
		{E713B720-2776-4BFE-BD8C-1A5E284D3019}.Debug|x64.ActiveCfg = Debug|Any CPU
		{E713B720-2776-4BFE-BD8C-1A5E284D3019}.Debug|x64.Build.0 = Debug|Any CPU
		{E713B720-2776-4BFE-BD8C-1A5E284D3019}.Debug|x86.ActiveCfg = Debug|Any CPU
		{E713B720-2776-4BFE-BD8C-1A5E284D3019}.Debug|x86.Build.0 = Debug|Any CPU
		{E713B720-2776-4BFE-BD8C-1A5E284D3019}.Release|Any CPU.ActiveCfg = Release|Any CPU
		{E713B720-2776-4BFE-BD8C-1A5E284D3019}.Release|Any CPU.Build.0 = Release|Any CPU
		{E713B720-2776-4BFE-BD8C-1A5E284D3019}.Release|x64.ActiveCfg = Release|Any CPU
		{E713B720-2776-4BFE-BD8C-1A5E284D3019}.Release|x64.Build.0 = Release|Any CPU
		{E713B720-2776-4BFE-BD8C-1A5E284D3019}.Release|x86.ActiveCfg = Release|Any CPU
		{E713B720-2776-4BFE-BD8C-1A5E284D3019}.Release|x86.Build.0 = Release|Any CPU
		{E050047C-0D89-412A-A6AC-26B5401B32EB}.Debug|Any CPU.ActiveCfg = Debug|Any CPU
		{E050047C-0D89-412A-A6AC-26B5401B32EB}.Debug|Any CPU.Build.0 = Debug|Any CPU
		{E050047C-0D89-412A-A6AC-26B5401B32EB}.Debug|x64.ActiveCfg = Debug|Any CPU
		{E050047C-0D89-412A-A6AC-26B5401B32EB}.Debug|x64.Build.0 = Debug|Any CPU
		{E050047C-0D89-412A-A6AC-26B5401B32EB}.Debug|x86.ActiveCfg = Debug|Any CPU
		{E050047C-0D89-412A-A6AC-26B5401B32EB}.Debug|x86.Build.0 = Debug|Any CPU
		{E050047C-0D89-412A-A6AC-26B5401B32EB}.Release|Any CPU.ActiveCfg = Release|Any CPU
		{E050047C-0D89-412A-A6AC-26B5401B32EB}.Release|Any CPU.Build.0 = Release|Any CPU
		{E050047C-0D89-412A-A6AC-26B5401B32EB}.Release|x64.ActiveCfg = Release|Any CPU
		{E050047C-0D89-412A-A6AC-26B5401B32EB}.Release|x64.Build.0 = Release|Any CPU
		{E050047C-0D89-412A-A6AC-26B5401B32EB}.Release|x86.ActiveCfg = Release|Any CPU
		{E050047C-0D89-412A-A6AC-26B5401B32EB}.Release|x86.Build.0 = Release|Any CPU
		{46D087FF-589A-49D7-9B7C-65E8EA721971}.Debug|Any CPU.ActiveCfg = Debug|Any CPU
		{46D087FF-589A-49D7-9B7C-65E8EA721971}.Debug|Any CPU.Build.0 = Debug|Any CPU
		{46D087FF-589A-49D7-9B7C-65E8EA721971}.Debug|x64.ActiveCfg = Debug|Any CPU
		{46D087FF-589A-49D7-9B7C-65E8EA721971}.Debug|x64.Build.0 = Debug|Any CPU
		{46D087FF-589A-49D7-9B7C-65E8EA721971}.Debug|x86.ActiveCfg = Debug|Any CPU
		{46D087FF-589A-49D7-9B7C-65E8EA721971}.Debug|x86.Build.0 = Debug|Any CPU
		{46D087FF-589A-49D7-9B7C-65E8EA721971}.Release|Any CPU.ActiveCfg = Release|Any CPU
		{46D087FF-589A-49D7-9B7C-65E8EA721971}.Release|Any CPU.Build.0 = Release|Any CPU
		{46D087FF-589A-49D7-9B7C-65E8EA721971}.Release|x64.ActiveCfg = Release|Any CPU
		{46D087FF-589A-49D7-9B7C-65E8EA721971}.Release|x64.Build.0 = Release|Any CPU
		{46D087FF-589A-49D7-9B7C-65E8EA721971}.Release|x86.ActiveCfg = Release|Any CPU
		{46D087FF-589A-49D7-9B7C-65E8EA721971}.Release|x86.Build.0 = Release|Any CPU
		{107A7D1B-BAA6-4AB8-ADA1-0B46AE290DBD}.Debug|Any CPU.ActiveCfg = Debug|Any CPU
		{107A7D1B-BAA6-4AB8-ADA1-0B46AE290DBD}.Debug|Any CPU.Build.0 = Debug|Any CPU
		{107A7D1B-BAA6-4AB8-ADA1-0B46AE290DBD}.Debug|x64.ActiveCfg = Debug|Any CPU
		{107A7D1B-BAA6-4AB8-ADA1-0B46AE290DBD}.Debug|x64.Build.0 = Debug|Any CPU
		{107A7D1B-BAA6-4AB8-ADA1-0B46AE290DBD}.Debug|x86.ActiveCfg = Debug|Any CPU
		{107A7D1B-BAA6-4AB8-ADA1-0B46AE290DBD}.Debug|x86.Build.0 = Debug|Any CPU
		{107A7D1B-BAA6-4AB8-ADA1-0B46AE290DBD}.Release|Any CPU.ActiveCfg = Release|Any CPU
		{107A7D1B-BAA6-4AB8-ADA1-0B46AE290DBD}.Release|Any CPU.Build.0 = Release|Any CPU
		{107A7D1B-BAA6-4AB8-ADA1-0B46AE290DBD}.Release|x64.ActiveCfg = Release|Any CPU
		{107A7D1B-BAA6-4AB8-ADA1-0B46AE290DBD}.Release|x64.Build.0 = Release|Any CPU
		{107A7D1B-BAA6-4AB8-ADA1-0B46AE290DBD}.Release|x86.ActiveCfg = Release|Any CPU
		{107A7D1B-BAA6-4AB8-ADA1-0B46AE290DBD}.Release|x86.Build.0 = Release|Any CPU
		{492DCABA-A7F6-4793-98C4-5792A6C6BDA4}.Debug|Any CPU.ActiveCfg = Debug|Any CPU
		{492DCABA-A7F6-4793-98C4-5792A6C6BDA4}.Debug|Any CPU.Build.0 = Debug|Any CPU
		{492DCABA-A7F6-4793-98C4-5792A6C6BDA4}.Debug|x64.ActiveCfg = Debug|Any CPU
		{492DCABA-A7F6-4793-98C4-5792A6C6BDA4}.Debug|x64.Build.0 = Debug|Any CPU
		{492DCABA-A7F6-4793-98C4-5792A6C6BDA4}.Debug|x86.ActiveCfg = Debug|Any CPU
		{492DCABA-A7F6-4793-98C4-5792A6C6BDA4}.Debug|x86.Build.0 = Debug|Any CPU
		{492DCABA-A7F6-4793-98C4-5792A6C6BDA4}.Release|Any CPU.ActiveCfg = Release|Any CPU
		{492DCABA-A7F6-4793-98C4-5792A6C6BDA4}.Release|Any CPU.Build.0 = Release|Any CPU
		{492DCABA-A7F6-4793-98C4-5792A6C6BDA4}.Release|x64.ActiveCfg = Release|Any CPU
		{492DCABA-A7F6-4793-98C4-5792A6C6BDA4}.Release|x64.Build.0 = Release|Any CPU
		{492DCABA-A7F6-4793-98C4-5792A6C6BDA4}.Release|x86.ActiveCfg = Release|Any CPU
		{492DCABA-A7F6-4793-98C4-5792A6C6BDA4}.Release|x86.Build.0 = Release|Any CPU
		{ABEE97D4-855C-4D25-973C-1755E764F1EB}.Debug|Any CPU.ActiveCfg = Debug|Any CPU
		{ABEE97D4-855C-4D25-973C-1755E764F1EB}.Debug|Any CPU.Build.0 = Debug|Any CPU
		{ABEE97D4-855C-4D25-973C-1755E764F1EB}.Debug|x64.ActiveCfg = Debug|Any CPU
		{ABEE97D4-855C-4D25-973C-1755E764F1EB}.Debug|x64.Build.0 = Debug|Any CPU
		{ABEE97D4-855C-4D25-973C-1755E764F1EB}.Debug|x86.ActiveCfg = Debug|Any CPU
		{ABEE97D4-855C-4D25-973C-1755E764F1EB}.Debug|x86.Build.0 = Debug|Any CPU
		{ABEE97D4-855C-4D25-973C-1755E764F1EB}.Release|Any CPU.ActiveCfg = Release|Any CPU
		{ABEE97D4-855C-4D25-973C-1755E764F1EB}.Release|Any CPU.Build.0 = Release|Any CPU
		{ABEE97D4-855C-4D25-973C-1755E764F1EB}.Release|x64.ActiveCfg = Release|Any CPU
		{ABEE97D4-855C-4D25-973C-1755E764F1EB}.Release|x64.Build.0 = Release|Any CPU
		{ABEE97D4-855C-4D25-973C-1755E764F1EB}.Release|x86.ActiveCfg = Release|Any CPU
		{ABEE97D4-855C-4D25-973C-1755E764F1EB}.Release|x86.Build.0 = Release|Any CPU
		{88B570BB-6D6C-4266-A396-835390EEF8FE}.Debug|Any CPU.ActiveCfg = Debug|Any CPU
		{88B570BB-6D6C-4266-A396-835390EEF8FE}.Debug|Any CPU.Build.0 = Debug|Any CPU
		{88B570BB-6D6C-4266-A396-835390EEF8FE}.Debug|x64.ActiveCfg = Debug|Any CPU
		{88B570BB-6D6C-4266-A396-835390EEF8FE}.Debug|x64.Build.0 = Debug|Any CPU
		{88B570BB-6D6C-4266-A396-835390EEF8FE}.Debug|x86.ActiveCfg = Debug|Any CPU
		{88B570BB-6D6C-4266-A396-835390EEF8FE}.Debug|x86.Build.0 = Debug|Any CPU
		{88B570BB-6D6C-4266-A396-835390EEF8FE}.Release|Any CPU.ActiveCfg = Release|Any CPU
		{88B570BB-6D6C-4266-A396-835390EEF8FE}.Release|Any CPU.Build.0 = Release|Any CPU
		{88B570BB-6D6C-4266-A396-835390EEF8FE}.Release|x64.ActiveCfg = Release|Any CPU
		{88B570BB-6D6C-4266-A396-835390EEF8FE}.Release|x64.Build.0 = Release|Any CPU
		{88B570BB-6D6C-4266-A396-835390EEF8FE}.Release|x86.ActiveCfg = Release|Any CPU
		{88B570BB-6D6C-4266-A396-835390EEF8FE}.Release|x86.Build.0 = Release|Any CPU
		{03BA7CE0-A36E-4C40-B0F9-31C93AB68137}.Debug|Any CPU.ActiveCfg = Debug|Any CPU
		{03BA7CE0-A36E-4C40-B0F9-31C93AB68137}.Debug|Any CPU.Build.0 = Debug|Any CPU
		{03BA7CE0-A36E-4C40-B0F9-31C93AB68137}.Debug|x64.ActiveCfg = Debug|Any CPU
		{03BA7CE0-A36E-4C40-B0F9-31C93AB68137}.Debug|x64.Build.0 = Debug|Any CPU
		{03BA7CE0-A36E-4C40-B0F9-31C93AB68137}.Debug|x86.ActiveCfg = Debug|Any CPU
		{03BA7CE0-A36E-4C40-B0F9-31C93AB68137}.Debug|x86.Build.0 = Debug|Any CPU
		{03BA7CE0-A36E-4C40-B0F9-31C93AB68137}.Release|Any CPU.ActiveCfg = Release|Any CPU
		{03BA7CE0-A36E-4C40-B0F9-31C93AB68137}.Release|Any CPU.Build.0 = Release|Any CPU
		{03BA7CE0-A36E-4C40-B0F9-31C93AB68137}.Release|x64.ActiveCfg = Release|Any CPU
		{03BA7CE0-A36E-4C40-B0F9-31C93AB68137}.Release|x64.Build.0 = Release|Any CPU
		{03BA7CE0-A36E-4C40-B0F9-31C93AB68137}.Release|x86.ActiveCfg = Release|Any CPU
		{03BA7CE0-A36E-4C40-B0F9-31C93AB68137}.Release|x86.Build.0 = Release|Any CPU
	EndGlobalSection
	GlobalSection(SolutionProperties) = preSolution
		HideSolutionNode = FALSE
	EndGlobalSection
	GlobalSection(NestedProjects) = preSolution
		{984BB9B3-3FA3-BE33-9484-CAC21695A33C} = {827E0CD3-B72D-47B6-A68D-7590B98EB39B}
		{6E8A638F-044B-77C9-F548-2381A77BFDCE} = {984BB9B3-3FA3-BE33-9484-CAC21695A33C}
		{055AB4A2-0866-4FD1-9DB3-9BC5B5A3E9A3} = {6E8A638F-044B-77C9-F548-2381A77BFDCE}
		{90298CBA-BD6F-3A0A-69D5-97CAD7B05E7E} = {827E0CD3-B72D-47B6-A68D-7590B98EB39B}
		{E713B720-2776-4BFE-BD8C-1A5E284D3019} = {90298CBA-BD6F-3A0A-69D5-97CAD7B05E7E}
		{6ADF40C8-84AC-8C5B-03F9-593372AFF6DC} = {984BB9B3-3FA3-BE33-9484-CAC21695A33C}
		{E050047C-0D89-412A-A6AC-26B5401B32EB} = {6ADF40C8-84AC-8C5B-03F9-593372AFF6DC}
		{C5FBE174-8E0F-F5A3-B929-8BD0C55C0A32} = {984BB9B3-3FA3-BE33-9484-CAC21695A33C}
		{46D087FF-589A-49D7-9B7C-65E8EA721971} = {C5FBE174-8E0F-F5A3-B929-8BD0C55C0A32}
		{FCA01246-F2C6-0AA7-D43F-FD13BE0B9D88} = {827E0CD3-B72D-47B6-A68D-7590B98EB39B}
		{107A7D1B-BAA6-4AB8-ADA1-0B46AE290DBD} = {FCA01246-F2C6-0AA7-D43F-FD13BE0B9D88}
		{13F4A5BF-B4DA-DA4D-87FE-255A0F687E46} = {984BB9B3-3FA3-BE33-9484-CAC21695A33C}
		{492DCABA-A7F6-4793-98C4-5792A6C6BDA4} = {13F4A5BF-B4DA-DA4D-87FE-255A0F687E46}
		{ABEE97D4-855C-4D25-973C-1755E764F1EB} = {0AB3BF05-4346-4AA6-1389-037BE0695223}
		{88B570BB-6D6C-4266-A396-835390EEF8FE} = {0AB3BF05-4346-4AA6-1389-037BE0695223}
		{03BA7CE0-A36E-4C40-B0F9-31C93AB68137} = {0AB3BF05-4346-4AA6-1389-037BE0695223}
	EndGlobalSection
EndGlobal
